{
  "name": "genomaps",
  "version": "2.0.0",
  "lockfileVersion": 3,
  "requires": true,
  "packages": {
    "": {
      "name": "genomaps",
      "version": "2.0.0",
      "license": "MIT",
      "dependencies": {
        "bootstrap": "^3.3.6",
        "bootstrap-select": "^1.11.0",
        "bootstrap-touchspin": "~3.1.1",
        "d3": "^3.5.4",
        "d3.promise": "^2.0.0",
        "es5-shim": "^4.5.9",
        "es6-promise": "^3.2.1",
        "es6-shim": "~0.35.1",
        "file-saver": "^1.3.8",
        "gulp-concat": "^2.6.1",
        "gulp-ignore": "^3.0.0",
        "gulp-rename": "^2.0.0",
        "jquery": "^1.12.0",
        "jquery-ui": "^1.12.1",
        "labella": "^1.1.1",
        "lodash": "^4.17.21",
        "loglevel": "~1.4.1",
        "saveSvgAsPng": "https://github.com/exupero/saveSvgAsPng.git#v1.0.1",
        "simple-statistics": "v1.0.1",
        "stream-series": "^0.1.1",
        "util": "^0.12.4"
      },
      "devDependencies": {},
      "engines": {
        "node": "18.14.0",
        "npm": "9.3.1"
      },
      "optionalDependencies": {
        "fsevents": "^2.0.7"
      }
    },
    "node_modules/available-typed-arrays": {
      "version": "1.0.5",
      "resolved": "https://registry.npmjs.org/available-typed-arrays/-/available-typed-arrays-1.0.5.tgz",
      "integrity": "sha512-DMD0KiN46eipeziST1LPP/STfDU0sufISXmjSgvVsoU2tqxctQeASejWcfNtxYKqETM1UxQ8sp2OrSBWpHY6sw==",
      "engines": {
        "node": ">= 0.4"
      },
      "funding": {
        "url": "https://github.com/sponsors/ljharb"
      }
    },
    "node_modules/balanced-match": {
      "version": "1.0.2",
      "resolved": "https://registry.npmjs.org/balanced-match/-/balanced-match-1.0.2.tgz",
      "integrity": "sha512-3oSeUO0TMV67hN1AmbXsK4yaqU7tjiHlbxRDZOpH0KW9+CeX4bRAaX0Anxt0tx2MrpRpWwQaPwIlISEJhYU5Pw=="
    },
    "node_modules/bootstrap": {
      "version": "3.4.1",
      "resolved": "https://registry.npmjs.org/bootstrap/-/bootstrap-3.4.1.tgz",
      "integrity": "sha512-yN5oZVmRCwe5aKwzRj6736nSmKDX7pLYwsXiCj/EYmo16hODaBiT4En5btW/jhBF/seV+XMx3aYwukYC3A49DA==",
      "engines": {
        "node": ">=6"
      }
    },
    "node_modules/bootstrap-select": {
      "version": "1.13.18",
      "resolved": "https://registry.npmjs.org/bootstrap-select/-/bootstrap-select-1.13.18.tgz",
      "integrity": "sha512-V1IzK4rxBq5FrJtkzSH6RmFLFBsjx50byFbfAf8jYyXROWs7ZpprGjdHeoyq2HSsHyjJhMMwjsQhRoYAfxCGow==",
      "peerDependencies": {
        "bootstrap": ">=3.0.0",
        "jquery": "1.9.1 - 3"
      }
    },
    "node_modules/bootstrap-touchspin": {
      "version": "3.1.1",
      "resolved": "https://registry.npmjs.org/bootstrap-touchspin/-/bootstrap-touchspin-3.1.1.tgz",
      "integrity": "sha512-o5pgzdr8Ma5hQKS3JE1uNq/jkx8qCG+KhJXSlvYCmX2wTxva2sS2Kq3idGN+tP5e1bZJQgkbqwP9TdEEx+R+6Q=="
    },
    "node_modules/brace-expansion": {
      "version": "1.1.11",
      "resolved": "https://registry.npmjs.org/brace-expansion/-/brace-expansion-1.1.11.tgz",
      "integrity": "sha512-iCuPHDFgrHX7H2vEI/5xpz07zSHB00TpugqhmYtVmMO6518mCuRMoOYFldEBl0g187ufozdaHgWKcYFb61qGiA==",
      "dependencies": {
        "balanced-match": "^1.0.0",
        "concat-map": "0.0.1"
      }
    },
    "node_modules/call-bind": {
      "version": "1.0.5",
      "resolved": "https://registry.npmjs.org/call-bind/-/call-bind-1.0.5.tgz",
      "integrity": "sha512-C3nQxfFZxFRVoJoGKKI8y3MOEo129NQ+FgQ08iye+Mk4zNZZGdjfs06bVTr+DBSlA66Q2VEcMki/cUCP4SercQ==",
      "dependencies": {
        "function-bind": "^1.1.2",
        "get-intrinsic": "^1.2.1",
        "set-function-length": "^1.1.1"
      },
      "funding": {
        "url": "https://github.com/sponsors/ljharb"
      }
    },
    "node_modules/clone": {
      "version": "2.1.2",
      "resolved": "https://registry.npmjs.org/clone/-/clone-2.1.2.tgz",
      "integrity": "sha512-3Pe/CF1Nn94hyhIYpjtiLhdCoEoz0DqQ+988E9gmeEdQZlojxnOb74wctFyuwWQHzqyf9X7C7MG8juUpqBJT8w==",
      "engines": {
        "node": ">=0.8"
      }
    },
    "node_modules/clone-buffer": {
      "version": "1.0.0",
      "resolved": "https://registry.npmjs.org/clone-buffer/-/clone-buffer-1.0.0.tgz",
      "integrity": "sha512-KLLTJWrvwIP+OPfMn0x2PheDEP20RPUcGXj/ERegTgdmPEZylALQldygiqrPPu8P45uNuPs7ckmReLY6v/iA5g==",
      "engines": {
        "node": ">= 0.10"
      }
    },
    "node_modules/clone-stats": {
      "version": "1.0.0",
      "resolved": "https://registry.npmjs.org/clone-stats/-/clone-stats-1.0.0.tgz",
      "integrity": "sha512-au6ydSpg6nsrigcZ4m8Bc9hxjeW+GJ8xh5G3BJCMt4WXe1H10UNaVOamqQTmrx1kjVuxAHIQSNU6hY4Nsn9/ag=="
    },
    "node_modules/cloneable-readable": {
      "version": "1.1.3",
      "resolved": "https://registry.npmjs.org/cloneable-readable/-/cloneable-readable-1.1.3.tgz",
      "integrity": "sha512-2EF8zTQOxYq70Y4XKtorQupqF0m49MBz2/yf5Bj+MHjvpG3Hy7sImifnqD6UA+TKYxeSV+u6qqQPawN5UvnpKQ==",
      "dependencies": {
        "inherits": "^2.0.1",
        "process-nextick-args": "^2.0.0",
        "readable-stream": "^2.3.5"
      }
    },
    "node_modules/commander": {
      "version": "2.20.3",
      "resolved": "https://registry.npmjs.org/commander/-/commander-2.20.3.tgz",
      "integrity": "sha512-GpVkmM8vF2vQUkj2LvZmD35JxeJOLCwJ9cUkugyk2nuhbv3+mJvpLYYt+0+USMxE+oj+ey/lJEnhZw75x/OMcQ=="
    },
    "node_modules/concat-map": {
      "version": "0.0.1",
      "resolved": "https://registry.npmjs.org/concat-map/-/concat-map-0.0.1.tgz",
      "integrity": "sha512-/Srv4dswyQNBfohGpz9o6Yb3Gz3SrUDqBH5rTuhGR7ahtlbYKnVxw2bCFMRljaA7EXHaXZ8wsHdodFvbkhKmqg=="
    },
    "node_modules/concat-with-sourcemaps": {
      "version": "1.1.0",
      "resolved": "https://registry.npmjs.org/concat-with-sourcemaps/-/concat-with-sourcemaps-1.1.0.tgz",
      "integrity": "sha512-4gEjHJFT9e+2W/77h/DS5SGUgwDaOwprX8L/gl5+3ixnzkVJJsZWDSelmN3Oilw3LNDZjZV0yqH1hLG3k6nghg==",
      "dependencies": {
        "source-map": "^0.6.1"
      }
    },
    "node_modules/core-util-is": {
      "version": "1.0.3",
      "resolved": "https://registry.npmjs.org/core-util-is/-/core-util-is-1.0.3.tgz",
      "integrity": "sha512-ZQBvi1DcpJ4GDqanjucZ2Hj3wEO5pZDS89BWbkcrvdxksJorwUDDZamX9ldFkp9aw2lmBDLgkObEA4DWNJ9FYQ=="
    },
    "node_modules/d3": {
      "version": "3.5.17",
      "resolved": "https://registry.npmjs.org/d3/-/d3-3.5.17.tgz",
      "integrity": "sha512-yFk/2idb8OHPKkbAL8QaOaqENNoMhIaSHZerk3oQsECwkObkCpJyjYwCe+OHiq6UEdhe1m8ZGARRRO3ljFjlKg=="
    },
    "node_modules/d3-collection": {
      "version": "1.0.7",
      "resolved": "https://registry.npmjs.org/d3-collection/-/d3-collection-1.0.7.tgz",
      "integrity": "sha512-ii0/r5f4sjKNTfh84Di+DpztYwqKhEyUlKoPrzUFfeSkWxjW49xU2QzO9qrPrNkpdI0XJkfzvmTu8V2Zylln6A=="
    },
    "node_modules/d3-dispatch": {
      "version": "1.0.6",
      "resolved": "https://registry.npmjs.org/d3-dispatch/-/d3-dispatch-1.0.6.tgz",
      "integrity": "sha512-fVjoElzjhCEy+Hbn8KygnmMS7Or0a9sI2UzGwoB7cCtvI1XpVN9GpoYlnb3xt2YV66oXYb1fLJ8GMvP4hdU1RA=="
    },
    "node_modules/d3-dsv": {
      "version": "1.2.0",
      "resolved": "https://registry.npmjs.org/d3-dsv/-/d3-dsv-1.2.0.tgz",
      "integrity": "sha512-9yVlqvZcSOMhCYzniHE7EVUws7Fa1zgw+/EAV2BxJoG3ME19V6BQFBwI855XQDsxyOuG7NibqRMTtiF/Qup46g==",
      "dependencies": {
        "commander": "2",
        "iconv-lite": "0.4",
        "rw": "1"
      },
      "bin": {
        "csv2json": "bin/dsv2json",
        "csv2tsv": "bin/dsv2dsv",
        "dsv2dsv": "bin/dsv2dsv",
        "dsv2json": "bin/dsv2json",
        "json2csv": "bin/json2dsv",
        "json2dsv": "bin/json2dsv",
        "json2tsv": "bin/json2dsv",
        "tsv2csv": "bin/dsv2dsv",
        "tsv2json": "bin/dsv2json"
      }
    },
    "node_modules/d3-request": {
      "version": "1.0.6",
      "resolved": "https://registry.npmjs.org/d3-request/-/d3-request-1.0.6.tgz",
      "integrity": "sha512-FJj8ySY6GYuAJHZMaCQ83xEYE4KbkPkmxZ3Hu6zA1xxG2GD+z6P+Lyp+zjdsHf0xEbp2xcluDI50rCS855EQ6w==",
      "dependencies": {
        "d3-collection": "1",
        "d3-dispatch": "1",
        "d3-dsv": "1",
        "xmlhttprequest": "1"
      }
    },
    "node_modules/d3.promise": {
      "version": "2.0.0",
      "resolved": "https://registry.npmjs.org/d3.promise/-/d3.promise-2.0.0.tgz",
      "integrity": "sha512-km/47AIrHqaV9nPc12ySkfWrnowuHl8eNBHOaXijtDAq4/lqSBPV7/7PaqdSgTfXI3A7p/0npTcnx/XWvw/xiQ==",
      "dependencies": {
        "d3-request": "^1.0.2"
      }
    },
    "node_modules/define-data-property": {
      "version": "1.1.1",
      "resolved": "https://registry.npmjs.org/define-data-property/-/define-data-property-1.1.1.tgz",
      "integrity": "sha512-E7uGkTzkk1d0ByLeSc6ZsFS79Axg+m1P/VsgYsxHgiuc3tFSj+MjMIwe90FC4lOAZzNBdY7kkO2P2wKdsQ1vgQ==",
      "dependencies": {
        "get-intrinsic": "^1.2.1",
        "gopd": "^1.0.1",
        "has-property-descriptors": "^1.0.0"
      },
      "engines": {
        "node": ">= 0.4"
      }
    },
    "node_modules/es5-shim": {
      "version": "4.6.7",
      "resolved": "https://registry.npmjs.org/es5-shim/-/es5-shim-4.6.7.tgz",
      "integrity": "sha512-jg21/dmlrNQI7JyyA2w7n+yifSxBng0ZralnSfVZjoCawgNTCnS+yBCyVM9DL5itm7SUnDGgv7hcq2XCZX4iRQ==",
      "engines": {
        "node": ">=0.4.0"
      }
    },
    "node_modules/es6-promise": {
      "version": "3.3.1",
      "resolved": "https://registry.npmjs.org/es6-promise/-/es6-promise-3.3.1.tgz",
      "integrity": "sha512-SOp9Phqvqn7jtEUxPWdWfWoLmyt2VaJ6MpvP9Comy1MceMXqE6bxvaTu4iaxpYYPzhny28Lc+M87/c2cPK6lDg=="
    },
    "node_modules/es6-shim": {
      "version": "0.35.8",
      "resolved": "https://registry.npmjs.org/es6-shim/-/es6-shim-0.35.8.tgz",
      "integrity": "sha512-Twf7I2v4/1tLoIXMT8HlqaBSS5H2wQTs2wx3MNYCI8K1R1/clXyCazrcVCPm/FuO9cyV8+leEaZOWD5C253NDg=="
    },
    "node_modules/file-saver": {
      "version": "1.3.8",
      "resolved": "https://registry.npmjs.org/file-saver/-/file-saver-1.3.8.tgz",
      "integrity": "sha512-spKHSBQIxxS81N/O21WmuXA2F6wppUCsutpzenOeZzOCCJ5gEfcbqJP983IrpLXzYmXnMUa6J03SubcNPdKrlg=="
    },
    "node_modules/for-each": {
      "version": "0.3.3",
      "resolved": "https://registry.npmjs.org/for-each/-/for-each-0.3.3.tgz",
      "integrity": "sha512-jqYfLp7mo9vIyQf8ykW2v7A+2N4QjeCeI5+Dz9XraiO1ign81wjiH7Fb9vSOWvQfNtmSa4H2RoQTrrXivdUZmw==",
      "dependencies": {
        "is-callable": "^1.1.3"
      }
    },
    "node_modules/fsevents": {
      "version": "2.3.2",
      "resolved": "https://registry.npmjs.org/fsevents/-/fsevents-2.3.2.tgz",
      "integrity": "sha512-xiqMQR4xAeHTuB9uWm+fFRcIOgKBMiOBP+eXiyT7jsgVCq1bkVygt00oASowB7EdtpOHaaPgKt812P9ab+DDKA==",
      "hasInstallScript": true,
      "optional": true,
      "os": [
        "darwin"
      ],
      "engines": {
        "node": "^8.16.0 || ^10.6.0 || >=11.0.0"
      }
    },
    "node_modules/function-bind": {
      "version": "1.1.2",
      "resolved": "https://registry.npmjs.org/function-bind/-/function-bind-1.1.2.tgz",
      "integrity": "sha512-7XHNxH7qX9xG5mIwxkhumTox/MIRNcOgDrxWsMt2pAr23WHp6MrRlN7FBSFpCpr+oVO0F744iUgR82nJMfG2SA==",
      "funding": {
        "url": "https://github.com/sponsors/ljharb"
      }
    },
    "node_modules/get-intrinsic": {
      "version": "1.2.2",
      "resolved": "https://registry.npmjs.org/get-intrinsic/-/get-intrinsic-1.2.2.tgz",
      "integrity": "sha512-0gSo4ml/0j98Y3lngkFEot/zhiCeWsbYIlZ+uZOVgzLyLaUw7wxUL+nCTP0XJvJg1AXulJRI3UJi8GsbDuxdGA==",
      "dependencies": {
        "function-bind": "^1.1.2",
        "has-proto": "^1.0.1",
        "has-symbols": "^1.0.3",
        "hasown": "^2.0.0"
      },
      "funding": {
        "url": "https://github.com/sponsors/ljharb"
      }
    },
    "node_modules/gopd": {
      "version": "1.0.1",
      "resolved": "https://registry.npmjs.org/gopd/-/gopd-1.0.1.tgz",
      "integrity": "sha512-d65bNlIadxvpb/A2abVdlqKqV563juRnZ1Wtk6s1sIR8uNsXR70xqIzVqxVf1eTqDunwT2MkczEeaezCKTZhwA==",
      "dependencies": {
        "get-intrinsic": "^1.1.3"
      },
      "funding": {
        "url": "https://github.com/sponsors/ljharb"
      }
    },
    "node_modules/gulp-concat": {
      "version": "2.6.1",
      "resolved": "https://registry.npmjs.org/gulp-concat/-/gulp-concat-2.6.1.tgz",
      "integrity": "sha512-a2scActrQrDBpBbR3WUZGyGS1JEPLg5PZJdIa7/Bi3GuKAmPYDK6SFhy/NZq5R8KsKKFvtfR0fakbUCcKGCCjg==",
      "dependencies": {
        "concat-with-sourcemaps": "^1.0.0",
        "through2": "^2.0.0",
        "vinyl": "^2.0.0"
      },
      "engines": {
        "node": ">= 0.10"
      }
    },
    "node_modules/gulp-concat/node_modules/through2": {
      "version": "2.0.5",
      "resolved": "https://registry.npmjs.org/through2/-/through2-2.0.5.tgz",
      "integrity": "sha512-/mrRod8xqpA+IHSLyGCQ2s8SPHiCDEeQJSep1jqLYeEUClOFG2Qsh+4FU6G9VeqpZnGW/Su8LQGc4YKni5rYSQ==",
      "dependencies": {
        "readable-stream": "~2.3.6",
        "xtend": "~4.0.1"
      }
    },
    "node_modules/gulp-concat/node_modules/xtend": {
      "version": "4.0.2",
      "resolved": "https://registry.npmjs.org/xtend/-/xtend-4.0.2.tgz",
      "integrity": "sha512-LKYU1iAXJXUgAXn9URjiu+MWhyUXHsvfp7mcuYm9dSUKK0/CjtrUwFAxD82/mCWbtLsGjFIad0wIsod4zrTAEQ==",
      "engines": {
        "node": ">=0.4"
      }
    },
    "node_modules/gulp-ignore": {
      "version": "3.0.0",
      "resolved": "https://registry.npmjs.org/gulp-ignore/-/gulp-ignore-3.0.0.tgz",
      "integrity": "sha512-hRQDJipaU5A84J7QacNGG+bnFU3QLESdjuJCRTAZ5VuKsz4LmvOrECFJeeCtqxP3RV0Pn6mawU0Q3CFZGpirSg==",
      "dependencies": {
        "gulp-match": "^1.1.0",
        "through2": "^3.0.1"
      }
    },
    "node_modules/gulp-ignore/node_modules/through2": {
      "version": "3.0.2",
      "resolved": "https://registry.npmjs.org/through2/-/through2-3.0.2.tgz",
      "integrity": "sha512-enaDQ4MUyP2W6ZyT6EsMzqBPZaM/avg8iuo+l2d3QCs0J+6RaqkHV/2/lOwDTueBHeJ/2LG9lrLW3d5rWPucuQ==",
      "dependencies": {
        "inherits": "^2.0.4",
        "readable-stream": "2 || 3"
      }
    },
    "node_modules/gulp-match": {
      "version": "1.1.0",
      "resolved": "https://registry.npmjs.org/gulp-match/-/gulp-match-1.1.0.tgz",
      "integrity": "sha512-DlyVxa1Gj24DitY2OjEsS+X6tDpretuxD6wTfhXE/Rw2hweqc1f6D/XtsJmoiCwLWfXgR87W9ozEityPCVzGtQ==",
      "dependencies": {
        "minimatch": "^3.0.3"
      }
    },
    "node_modules/gulp-rename": {
      "version": "2.0.0",
      "resolved": "https://registry.npmjs.org/gulp-rename/-/gulp-rename-2.0.0.tgz",
      "integrity": "sha512-97Vba4KBzbYmR5VBs9mWmK+HwIf5mj+/zioxfZhOKeXtx5ZjBk57KFlePf5nxq9QsTtFl0ejnHE3zTC9MHXqyQ==",
      "engines": {
        "node": ">=4"
      }
    },
    "node_modules/has-property-descriptors": {
      "version": "1.0.1",
      "resolved": "https://registry.npmjs.org/has-property-descriptors/-/has-property-descriptors-1.0.1.tgz",
      "integrity": "sha512-VsX8eaIewvas0xnvinAe9bw4WfIeODpGYikiWYLH+dma0Jw6KHYqWiWfhQlgOVK8D6PvjubK5Uc4P0iIhIcNVg==",
      "dependencies": {
        "get-intrinsic": "^1.2.2"
      },
      "funding": {
        "url": "https://github.com/sponsors/ljharb"
      }
    },
    "node_modules/has-proto": {
      "version": "1.0.1",
      "resolved": "https://registry.npmjs.org/has-proto/-/has-proto-1.0.1.tgz",
      "integrity": "sha512-7qE+iP+O+bgF9clE5+UoBFzE65mlBiVj3tKCrlNQ0Ogwm0BjpT/gK4SlLYDMybDh5I3TCTKnPPa0oMG7JDYrhg==",
      "engines": {
        "node": ">= 0.4"
      },
      "funding": {
        "url": "https://github.com/sponsors/ljharb"
      }
    },
    "node_modules/has-symbols": {
      "version": "1.0.3",
      "resolved": "https://registry.npmjs.org/has-symbols/-/has-symbols-1.0.3.tgz",
      "integrity": "sha512-l3LCuF6MgDNwTDKkdYGEihYjt5pRPbEg46rtlmnSPlUbgmB8LOIrKJbYYFBSbnPaJexMKtiPO8hmeRjRz2Td+A==",
      "engines": {
        "node": ">= 0.4"
      },
      "funding": {
        "url": "https://github.com/sponsors/ljharb"
      }
    },
    "node_modules/has-tostringtag": {
      "version": "1.0.0",
      "resolved": "https://registry.npmjs.org/has-tostringtag/-/has-tostringtag-1.0.0.tgz",
      "integrity": "sha512-kFjcSNhnlGV1kyoGk7OXKSawH5JOb/LzUc5w9B02hOTO0dfFRjbHQKvg1d6cf3HbeUmtU9VbbV3qzZ2Teh97WQ==",
      "dependencies": {
        "has-symbols": "^1.0.2"
      },
      "engines": {
        "node": ">= 0.4"
      },
      "funding": {
        "url": "https://github.com/sponsors/ljharb"
      }
    },
    "node_modules/hasown": {
      "version": "2.0.0",
      "resolved": "https://registry.npmjs.org/hasown/-/hasown-2.0.0.tgz",
      "integrity": "sha512-vUptKVTpIJhcczKBbgnS+RtcuYMB8+oNzPK2/Hp3hanz8JmpATdmmgLgSaadVREkDm+e2giHwY3ZRkyjSIDDFA==",
      "dependencies": {
        "function-bind": "^1.1.2"
      },
      "engines": {
        "node": ">= 0.4"
      }
    },
    "node_modules/iconv-lite": {
      "version": "0.4.24",
      "resolved": "https://registry.npmjs.org/iconv-lite/-/iconv-lite-0.4.24.tgz",
      "integrity": "sha512-v3MXnZAcvnywkTUEZomIActle7RXXeedOR31wwl7VlyoXO4Qi9arvSenNQWne1TcRwhCL1HwLI21bEqdpj8/rA==",
      "dependencies": {
        "safer-buffer": ">= 2.1.2 < 3"
      },
      "engines": {
        "node": ">=0.10.0"
      }
    },
    "node_modules/inherits": {
      "version": "2.0.4",
      "resolved": "https://registry.npmjs.org/inherits/-/inherits-2.0.4.tgz",
      "integrity": "sha512-k/vGaX4/Yla3WzyMCvTQOXYeIHvqOKtnqBduzTHpzpQZzAskKMhZ2K+EnBiSM9zGSoIFeMpXKxa4dYeZIQqewQ=="
    },
    "node_modules/is-arguments": {
      "version": "1.1.1",
      "resolved": "https://registry.npmjs.org/is-arguments/-/is-arguments-1.1.1.tgz",
      "integrity": "sha512-8Q7EARjzEnKpt/PCD7e1cgUS0a6X8u5tdSiMqXhojOdoV9TsMsiO+9VLC5vAmO8N7/GmXn7yjR8qnA6bVAEzfA==",
      "dependencies": {
        "call-bind": "^1.0.2",
        "has-tostringtag": "^1.0.0"
      },
      "engines": {
        "node": ">= 0.4"
      },
      "funding": {
        "url": "https://github.com/sponsors/ljharb"
      }
    },
    "node_modules/is-callable": {
      "version": "1.2.7",
      "resolved": "https://registry.npmjs.org/is-callable/-/is-callable-1.2.7.tgz",
      "integrity": "sha512-1BC0BVFhS/p0qtw6enp8e+8OD0UrK0oFLztSjNzhcKA3WDuJxxAPXzPuPtKkjEY9UUoEWlX/8fgKeu2S8i9JTA==",
      "engines": {
        "node": ">= 0.4"
      },
      "funding": {
        "url": "https://github.com/sponsors/ljharb"
      }
    },
    "node_modules/is-generator-function": {
      "version": "1.0.10",
      "resolved": "https://registry.npmjs.org/is-generator-function/-/is-generator-function-1.0.10.tgz",
      "integrity": "sha512-jsEjy9l3yiXEQ+PsXdmBwEPcOxaXWLspKdplFUVI9vq1iZgIekeC0L167qeu86czQaxed3q/Uzuw0swL0irL8A==",
      "dependencies": {
        "has-tostringtag": "^1.0.0"
      },
      "engines": {
        "node": ">= 0.4"
      },
      "funding": {
        "url": "https://github.com/sponsors/ljharb"
      }
    },
    "node_modules/is-typed-array": {
      "version": "1.1.12",
      "resolved": "https://registry.npmjs.org/is-typed-array/-/is-typed-array-1.1.12.tgz",
      "integrity": "sha512-Z14TF2JNG8Lss5/HMqt0//T9JeHXttXy5pH/DBU4vi98ozO2btxzq9MwYDZYnKwU8nRsz/+GVFVRDq3DkVuSPg==",
      "dependencies": {
        "which-typed-array": "^1.1.11"
      },
      "engines": {
        "node": ">= 0.4"
      },
      "funding": {
        "url": "https://github.com/sponsors/ljharb"
      }
    },
    "node_modules/isarray": {
      "version": "1.0.0",
      "resolved": "https://registry.npmjs.org/isarray/-/isarray-1.0.0.tgz",
      "integrity": "sha512-VLghIWNM6ELQzo7zwmcg0NmTVyWKYjvIeM83yjp0wRDTmUnrM678fQbcKBo6n2CJEF0szoG//ytg+TKla89ALQ=="
    },
    "node_modules/jquery": {
      "version": "1.12.4",
      "resolved": "https://registry.npmjs.org/jquery/-/jquery-1.12.4.tgz",
      "integrity": "sha512-UEVp7PPK9xXYSk8xqXCJrkXnKZtlgWkd2GsAQbMRFK6S/ePU2JN5G2Zum8hIVjzR3CpdfSqdqAzId/xd4TJHeg=="
    },
    "node_modules/jquery-ui": {
      "version": "1.13.2",
      "resolved": "https://registry.npmjs.org/jquery-ui/-/jquery-ui-1.13.2.tgz",
      "integrity": "sha512-wBZPnqWs5GaYJmo1Jj0k/mrSkzdQzKDwhXNtHKcBdAcKVxMM3KNYFq+iJ2i1rwiG53Z8M4mTn3Qxrm17uH1D4Q==",
      "dependencies": {
        "jquery": ">=1.8.0 <4.0.0"
      }
    },
    "node_modules/labella": {
      "version": "1.1.4",
      "resolved": "https://registry.npmjs.org/labella/-/labella-1.1.4.tgz",
      "integrity": "sha512-JJ6EWVRVuNy9KcvtgN8QvYTWHY0L5W1AYKYfr4YNBxAf/hnS6AnNDwKCYb59drWIRAejJqrQPDeFU0Zw3KPDFQ=="
    },
    "node_modules/lodash": {
      "version": "4.17.21",
      "resolved": "https://registry.npmjs.org/lodash/-/lodash-4.17.21.tgz",
      "integrity": "sha512-v2kDEe57lecTulaDIuNTPy3Ry4gLGJ6Z1O3vE1krgXZNrsQ+LFTGHVxVjcXPs17LhbZVGedAJv8XZ1tvj5FvSg=="
    },
    "node_modules/loglevel": {
      "version": "1.4.1",
      "resolved": "https://registry.npmjs.org/loglevel/-/loglevel-1.4.1.tgz",
      "integrity": "sha512-Vy09PWRlLhcxBiCFLxjP6hMmiyfoW/RAfHLW51rQETcWkng8xcA/MEyzI8hoxlQ4Wno1pVTWH1EYUqR9VfZomQ==",
      "engines": {
        "node": ">= 0.6.0"
      }
    },
    "node_modules/minimatch": {
      "version": "3.1.2",
      "resolved": "https://registry.npmjs.org/minimatch/-/minimatch-3.1.2.tgz",
      "integrity": "sha512-J7p63hRiAjw1NDEww1W7i37+ByIrOWO5XQQAzZ3VOcL0PNybwpfmV/N05zFAzwQ9USyEcX6t3UO+K5aqBQOIHw==",
      "dependencies": {
        "brace-expansion": "^1.1.7"
      },
      "engines": {
        "node": "*"
      }
    },
    "node_modules/pause-stream": {
      "version": "0.0.11",
      "resolved": "https://registry.npmjs.org/pause-stream/-/pause-stream-0.0.11.tgz",
      "integrity": "sha512-e3FBlXLmN/D1S+zHzanP4E/4Z60oFAa3O051qt1pxa7DEJWKAyil6upYVXCWadEnuoqa4Pkc9oUx9zsxYeRv8A==",
      "dependencies": {
        "through": "~2.3"
      }
    },
    "node_modules/process-nextick-args": {
      "version": "2.0.1",
      "resolved": "https://registry.npmjs.org/process-nextick-args/-/process-nextick-args-2.0.1.tgz",
      "integrity": "sha512-3ouUOpQhtgrbOa17J7+uxOTpITYWaGP7/AhoR3+A+/1e9skrzelGi/dXzEYyvbxubEF6Wn2ypscTKiKJFFn1ag=="
    },
    "node_modules/readable-stream": {
      "version": "2.3.8",
      "resolved": "https://registry.npmjs.org/readable-stream/-/readable-stream-2.3.8.tgz",
      "integrity": "sha512-8p0AUk4XODgIewSi0l8Epjs+EVnWiK7NoDIEGU0HhE7+ZyY8D1IMY7odu5lRrFXGg71L15KG8QrPmum45RTtdA==",
      "dependencies": {
        "core-util-is": "~1.0.0",
        "inherits": "~2.0.3",
        "isarray": "~1.0.0",
        "process-nextick-args": "~2.0.0",
        "safe-buffer": "~5.1.1",
        "string_decoder": "~1.1.1",
        "util-deprecate": "~1.0.1"
      }
    },
    "node_modules/readable-stream/node_modules/safe-buffer": {
      "version": "5.1.2",
      "resolved": "https://registry.npmjs.org/safe-buffer/-/safe-buffer-5.1.2.tgz",
      "integrity": "sha512-Gd2UZBJDkXlY7GbJxfsE8/nvKkUEU1G38c1siN6QP6a9PT9MmHB8GnpscSmMJSoF8LOIrt8ud/wPtojys4G6+g=="
    },
    "node_modules/remove-trailing-separator": {
      "version": "1.1.0",
      "resolved": "https://registry.npmjs.org/remove-trailing-separator/-/remove-trailing-separator-1.1.0.tgz",
      "integrity": "sha512-/hS+Y0u3aOfIETiaiirUFwDBDzmXPvO+jAfKTitUngIPzdKc6Z0LoFjM/CK5PL4C+eKwHohlHAb6H0VFfmmUsw=="
    },
    "node_modules/replace-ext": {
      "version": "1.0.1",
      "resolved": "https://registry.npmjs.org/replace-ext/-/replace-ext-1.0.1.tgz",
      "integrity": "sha512-yD5BHCe7quCgBph4rMQ+0KkIRKwWCrHDOX1p1Gp6HwjPM5kVoCdKGNhN7ydqqsX6lJEnQDKZ/tFMiEdQ1dvPEw==",
      "engines": {
        "node": ">= 0.10"
      }
    },
    "node_modules/rw": {
      "version": "1.3.3",
      "resolved": "https://registry.npmjs.org/rw/-/rw-1.3.3.tgz",
      "integrity": "sha512-PdhdWy89SiZogBLaw42zdeqtRJ//zFd2PgQavcICDUgJT5oW10QCRKbJ6bg4r0/UY2M6BWd5tkxuGFRvCkgfHQ=="
    },
    "node_modules/safer-buffer": {
      "version": "2.1.2",
      "resolved": "https://registry.npmjs.org/safer-buffer/-/safer-buffer-2.1.2.tgz",
      "integrity": "sha512-YZo3K82SD7Riyi0E1EQPojLz7kpepnSQI9IyPbHHg1XXXevb5dJI7tpyN2ADxGcQbHG7vcyRHk0cbwqcQriUtg=="
    },
    "node_modules/saveSvgAsPng": {
      "name": "save-svg-as-png",
      "version": "1.0.1",
      "resolved": "git+ssh://git@github.com/exupero/saveSvgAsPng.git#c330e1b08ff56881c8efd547c78074e15dceec2d",
      "license": "MIT"
    },
    "node_modules/set-function-length": {
      "version": "1.1.1",
      "resolved": "https://registry.npmjs.org/set-function-length/-/set-function-length-1.1.1.tgz",
      "integrity": "sha512-VoaqjbBJKiWtg4yRcKBQ7g7wnGnLV3M8oLvVWwOk2PdYY6PEFegR1vezXR0tw6fZGF9csVakIRjrJiy2veSBFQ==",
      "dependencies": {
        "define-data-property": "^1.1.1",
        "get-intrinsic": "^1.2.1",
        "gopd": "^1.0.1",
        "has-property-descriptors": "^1.0.0"
      },
      "engines": {
        "node": ">= 0.4"
      }
    },
    "node_modules/simple-statistics": {
      "version": "1.0.1",
      "resolved": "https://registry.npmjs.org/simple-statistics/-/simple-statistics-1.0.1.tgz",
      "integrity": "sha512-bnsQYf+ZC5un3FoSHypAut451QgAvxnztEAuf1ZZ9jkkcKjIH6N/Xbe8mJAFlm2gSvZpv5zR4nD7p/IkZV5+jQ==",
      "engines": {
        "node": "*"
      }
    },
    "node_modules/source-map": {
      "version": "0.6.1",
      "resolved": "https://registry.npmjs.org/source-map/-/source-map-0.6.1.tgz",
      "integrity": "sha512-UjgapumWlbMhkBgzT7Ykc5YXUT46F0iKu8SGXq0bcwP5dz/h0Plj6enJqjz1Zbq2l5WaqYnrVbwWOWMyF3F47g==",
      "engines": {
        "node": ">=0.10.0"
      }
    },
    "node_modules/stream-series": {
      "version": "0.1.1",
      "resolved": "https://registry.npmjs.org/stream-series/-/stream-series-0.1.1.tgz",
      "integrity": "sha512-OrmvvBgH+6PUeVp/hZGycQIrFegjTEbObxsQGXuPPjtFGIJL5E7JTmjHriUcdPOEiTlpc8wWatgnGCZHKVo7zg==",
      "dependencies": {
        "pause-stream": "0.0.11"
      }
    },
    "node_modules/string_decoder": {
      "version": "1.1.1",
      "resolved": "https://registry.npmjs.org/string_decoder/-/string_decoder-1.1.1.tgz",
      "integrity": "sha512-n/ShnvDi6FHbbVfviro+WojiFzv+s8MPMHBczVePfUpDJLwoLT0ht1l4YwBCbi8pJAveEEdnkHyPyTP/mzRfwg==",
      "dependencies": {
        "safe-buffer": "~5.1.0"
      }
    },
    "node_modules/string_decoder/node_modules/safe-buffer": {
      "version": "5.1.2",
      "resolved": "https://registry.npmjs.org/safe-buffer/-/safe-buffer-5.1.2.tgz",
      "integrity": "sha512-Gd2UZBJDkXlY7GbJxfsE8/nvKkUEU1G38c1siN6QP6a9PT9MmHB8GnpscSmMJSoF8LOIrt8ud/wPtojys4G6+g=="
    },
    "node_modules/through": {
      "version": "2.3.8",
      "resolved": "https://registry.npmjs.org/through/-/through-2.3.8.tgz",
      "integrity": "sha512-w89qg7PI8wAdvX60bMDP+bFoD5Dvhm9oLheFp5O4a2QF0cSBGsBX4qZmadPMvVqlLJBBci+WqGGOAPvcDeNSVg=="
    },
    "node_modules/util": {
      "version": "0.12.5",
      "resolved": "https://registry.npmjs.org/util/-/util-0.12.5.tgz",
      "integrity": "sha512-kZf/K6hEIrWHI6XqOFUiiMa+79wE/D8Q+NCNAWclkyg3b4d2k7s0QGepNjiABc+aR3N1PAyHL7p6UcLY6LmrnA==",
      "dependencies": {
        "inherits": "^2.0.3",
        "is-arguments": "^1.0.4",
        "is-generator-function": "^1.0.7",
        "is-typed-array": "^1.1.3",
        "which-typed-array": "^1.1.2"
      }
    },
    "node_modules/util-deprecate": {
      "version": "1.0.2",
      "resolved": "https://registry.npmjs.org/util-deprecate/-/util-deprecate-1.0.2.tgz",
      "integrity": "sha512-EPD5q1uXyFxJpCrLnCc1nHnq3gOa6DZBocAIiI2TaSCA7VCJ1UJDMagCzIkXNsUYfD1daK//LTEQ8xiIbrHtcw=="
    },
    "node_modules/vinyl": {
      "version": "2.2.1",
      "resolved": "https://registry.npmjs.org/vinyl/-/vinyl-2.2.1.tgz",
      "integrity": "sha512-LII3bXRFBZLlezoG5FfZVcXflZgWP/4dCwKtxd5ky9+LOtM4CS3bIRQsmR1KMnMW07jpE8fqR2lcxPZ+8sJIcw==",
      "dependencies": {
        "clone": "^2.1.1",
        "clone-buffer": "^1.0.0",
        "clone-stats": "^1.0.0",
        "cloneable-readable": "^1.0.0",
        "remove-trailing-separator": "^1.0.1",
        "replace-ext": "^1.0.0"
      },
      "engines": {
        "node": ">= 0.10"
      }
    },
    "node_modules/which-typed-array": {
      "version": "1.1.13",
      "resolved": "https://registry.npmjs.org/which-typed-array/-/which-typed-array-1.1.13.tgz",
      "integrity": "sha512-P5Nra0qjSncduVPEAr7xhoF5guty49ArDTwzJ/yNuPIbZppyRxFQsRCWrocxIY+CnMVG+qfbU2FmDKyvSGClow==",
      "dependencies": {
        "available-typed-arrays": "^1.0.5",
        "call-bind": "^1.0.4",
        "for-each": "^0.3.3",
        "gopd": "^1.0.1",
        "has-tostringtag": "^1.0.0"
      },
      "engines": {
        "node": ">= 0.4"
      },
      "funding": {
        "url": "https://github.com/sponsors/ljharb"
      }
    },
    "node_modules/xmlhttprequest": {
      "version": "1.8.0",
      "resolved": "https://registry.npmjs.org/xmlhttprequest/-/xmlhttprequest-1.8.0.tgz",
      "integrity": "sha512-58Im/U0mlVBLM38NdZjHyhuMtCqa61469k2YP/AaPbvCoV9aQGUpbJBj1QRm2ytRiVQBD/fsw7L2bJGDVQswBA==",
      "engines": {
        "node": ">=0.4.0"
      }
    }
  }
}
